PODS:
  - FlutterMacOS (1.0.0)
  - video_player_swift (0.0.1):
    - FlutterMacOS

DEPENDENCIES:
  - FlutterMacOS (from `Flutter/ephemeral`)
  - video_player_swift (from `Flutter/ephemeral/.symlinks/plugins/video_player_swift/macos`)

EXTERNAL SOURCES:
  FlutterMacOS:
    :path: Flutter/ephemeral
  video_player_swift:
    :path: Flutter/ephemeral/.symlinks/plugins/video_player_swift/macos

SPEC CHECKSUMS:
  FlutterMacOS: 8f6f14fa908a6fb3fba0cd85dbd81ec4b251fb24
  video_player_swift: 56f1205cb004d9b6ee2925060c514fae063e5cd8

PODFILE CHECKSUM: 353c8bcc5d5b0994e508d035b5431cfe18c1dea7

COCOAPODS: 1.11.3
